// !$*UTF8*$!
{
	archiveVersion = 1;
	classes = {
	};
	objectVersion = 50;
	objects = {

/* Begin PBXBuildFile section */
		4C4003C321B8ABFA00E844EE /* IndividualManagerSpecialView.swift in Sources */ = {isa = PBXBuildFile; fileRef = 4C4003C221B8ABFA00E844EE /* IndividualManagerSpecialView.swift */; };
		4C59E43421B751DB0051D740 /* ManagerSpecialStructs.swift in Sources */ = {isa = PBXBuildFile; fileRef = 4C59E43321B751DB0051D740 /* ManagerSpecialStructs.swift */; };
		4C8F75E321B72C9700994420 /* AppDelegate.swift in Sources */ = {isa = PBXBuildFile; fileRef = 4C8F75E221B72C9700994420 /* AppDelegate.swift */; };
		4C8F75E521B72C9700994420 /* ViewController.swift in Sources */ = {isa = PBXBuildFile; fileRef = 4C8F75E421B72C9700994420 /* ViewController.swift */; };
		4C8F75E821B72C9700994420 /* Main.storyboard in Resources */ = {isa = PBXBuildFile; fileRef = 4C8F75E621B72C9700994420 /* Main.storyboard */; };
		4C8F75EB21B72C9700994420 /* SampleApp.xcdatamodeld in Sources */ = {isa = PBXBuildFile; fileRef = 4C8F75E921B72C9700994420 /* SampleApp.xcdatamodeld */; };
		4C8F75ED21B72C9B00994420 /* Assets.xcassets in Resources */ = {isa = PBXBuildFile; fileRef = 4C8F75EC21B72C9B00994420 /* Assets.xcassets */; };
		4C8F75F021B72C9B00994420 /* LaunchScreen.storyboard in Resources */ = {isa = PBXBuildFile; fileRef = 4C8F75EE21B72C9B00994420 /* LaunchScreen.storyboard */; };
		4C8F75FB21B72C9B00994420 /* SampleAppTests.swift in Sources */ = {isa = PBXBuildFile; fileRef = 4C8F75FA21B72C9B00994420 /* SampleAppTests.swift */; };
		4C8F760621B72C9B00994420 /* SampleAppUITests.swift in Sources */ = {isa = PBXBuildFile; fileRef = 4C8F760521B72C9B00994420 /* SampleAppUITests.swift */; };
		4C8F761421B72D3800994420 /* ManagerSpecialsModel.swift in Sources */ = {isa = PBXBuildFile; fileRef = 4C8F761321B72D3800994420 /* ManagerSpecialsModel.swift */; };
		4CCF5E7321B835E200A4AD97 /* ErrorHandling.swift in Sources */ = {isa = PBXBuildFile; fileRef = 4CCF5E7221B835E200A4AD97 /* ErrorHandling.swift */; };
		4CCF5E7521B83F2200A4AD97 /* UsefulExtensions.swift in Sources */ = {isa = PBXBuildFile; fileRef = 4CCF5E7421B83F2200A4AD97 /* UsefulExtensions.swift */; };
/* End PBXBuildFile section */

/* Begin PBXContainerItemProxy section */
		4C8F75F721B72C9B00994420 /* PBXContainerItemProxy */ = {
			isa = PBXContainerItemProxy;
			containerPortal = 4C8F75D721B72C9600994420 /* Project object */;
			proxyType = 1;
			remoteGlobalIDString = 4C8F75DE21B72C9600994420;
			remoteInfo = SampleApp;
		};
		4C8F760221B72C9B00994420 /* PBXContainerItemProxy */ = {
			isa = PBXContainerItemProxy;
			containerPortal = 4C8F75D721B72C9600994420 /* Project object */;
			proxyType = 1;
			remoteGlobalIDString = 4C8F75DE21B72C9600994420;
			remoteInfo = SampleApp;
		};
/* End PBXContainerItemProxy section */

/* Begin PBXFileReference section */
		4C4003C221B8ABFA00E844EE /* IndividualManagerSpecialView.swift */ = {isa = PBXFileReference; lastKnownFileType = sourcecode.swift; path = IndividualManagerSpecialView.swift; sourceTree = "<group>"; };
		4C59E43321B751DB0051D740 /* ManagerSpecialStructs.swift */ = {isa = PBXFileReference; lastKnownFileType = sourcecode.swift; path = ManagerSpecialStructs.swift; sourceTree = "<group>"; };
		4C8F75DF21B72C9600994420 /* SampleApp.app */ = {isa = PBXFileReference; explicitFileType = wrapper.application; includeInIndex = 0; path = SampleApp.app; sourceTree = BUILT_PRODUCTS_DIR; };
		4C8F75E221B72C9700994420 /* AppDelegate.swift */ = {isa = PBXFileReference; lastKnownFileType = sourcecode.swift; path = AppDelegate.swift; sourceTree = "<group>"; };
		4C8F75E421B72C9700994420 /* ViewController.swift */ = {isa = PBXFileReference; lastKnownFileType = sourcecode.swift; path = ViewController.swift; sourceTree = "<group>"; };
		4C8F75E721B72C9700994420 /* Base */ = {isa = PBXFileReference; lastKnownFileType = file.storyboard; name = Base; path = Base.lproj/Main.storyboard; sourceTree = "<group>"; };
		4C8F75EA21B72C9700994420 /* SampleApp.xcdatamodel */ = {isa = PBXFileReference; lastKnownFileType = wrapper.xcdatamodel; path = SampleApp.xcdatamodel; sourceTree = "<group>"; };
		4C8F75EC21B72C9B00994420 /* Assets.xcassets */ = {isa = PBXFileReference; lastKnownFileType = folder.assetcatalog; path = Assets.xcassets; sourceTree = "<group>"; };
		4C8F75EF21B72C9B00994420 /* Base */ = {isa = PBXFileReference; lastKnownFileType = file.storyboard; name = Base; path = Base.lproj/LaunchScreen.storyboard; sourceTree = "<group>"; };
		4C8F75F121B72C9B00994420 /* Info.plist */ = {isa = PBXFileReference; lastKnownFileType = text.plist.xml; path = Info.plist; sourceTree = "<group>"; };
		4C8F75F621B72C9B00994420 /* SampleAppTests.xctest */ = {isa = PBXFileReference; explicitFileType = wrapper.cfbundle; includeInIndex = 0; path = SampleAppTests.xctest; sourceTree = BUILT_PRODUCTS_DIR; };
		4C8F75FA21B72C9B00994420 /* SampleAppTests.swift */ = {isa = PBXFileReference; lastKnownFileType = sourcecode.swift; path = SampleAppTests.swift; sourceTree = "<group>"; };
		4C8F75FC21B72C9B00994420 /* Info.plist */ = {isa = PBXFileReference; lastKnownFileType = text.plist.xml; path = Info.plist; sourceTree = "<group>"; };
		4C8F760121B72C9B00994420 /* SampleAppUITests.xctest */ = {isa = PBXFileReference; explicitFileType = wrapper.cfbundle; includeInIndex = 0; path = SampleAppUITests.xctest; sourceTree = BUILT_PRODUCTS_DIR; };
		4C8F760521B72C9B00994420 /* SampleAppUITests.swift */ = {isa = PBXFileReference; lastKnownFileType = sourcecode.swift; path = SampleAppUITests.swift; sourceTree = "<group>"; };
		4C8F760721B72C9B00994420 /* Info.plist */ = {isa = PBXFileReference; lastKnownFileType = text.plist.xml; path = Info.plist; sourceTree = "<group>"; };
		4C8F761321B72D3800994420 /* ManagerSpecialsModel.swift */ = {isa = PBXFileReference; lastKnownFileType = sourcecode.swift; path = ManagerSpecialsModel.swift; sourceTree = "<group>"; };
		4CCF5E7221B835E200A4AD97 /* ErrorHandling.swift */ = {isa = PBXFileReference; lastKnownFileType = sourcecode.swift; path = ErrorHandling.swift; sourceTree = "<group>"; };
		4CCF5E7421B83F2200A4AD97 /* UsefulExtensions.swift */ = {isa = PBXFileReference; lastKnownFileType = sourcecode.swift; path = UsefulExtensions.swift; sourceTree = "<group>"; };
/* End PBXFileReference section */

/* Begin PBXFrameworksBuildPhase section */
		4C8F75DC21B72C9600994420 /* Frameworks */ = {
			isa = PBXFrameworksBuildPhase;
			buildActionMask = 2147483647;
			files = (
			);
			runOnlyForDeploymentPostprocessing = 0;
		};
		4C8F75F321B72C9B00994420 /* Frameworks */ = {
			isa = PBXFrameworksBuildPhase;
			buildActionMask = 2147483647;
			files = (
			);
			runOnlyForDeploymentPostprocessing = 0;
		};
		4C8F75FE21B72C9B00994420 /* Frameworks */ = {
			isa = PBXFrameworksBuildPhase;
			buildActionMask = 2147483647;
			files = (
			);
			runOnlyForDeploymentPostprocessing = 0;
		};
/* End PBXFrameworksBuildPhase section */

/* Begin PBXGroup section */
		4C8F75D621B72C9600994420 = {
			isa = PBXGroup;
			children = (
				4C8F75E121B72C9600994420 /* SampleApp */,
				4C8F75F921B72C9B00994420 /* SampleAppTests */,
				4C8F760421B72C9B00994420 /* SampleAppUITests */,
				4C8F75E021B72C9600994420 /* Products */,
			);
			sourceTree = "<group>";
		};
		4C8F75E021B72C9600994420 /* Products */ = {
			isa = PBXGroup;
			children = (
				4C8F75DF21B72C9600994420 /* SampleApp.app */,
				4C8F75F621B72C9B00994420 /* SampleAppTests.xctest */,
				4C8F760121B72C9B00994420 /* SampleAppUITests.xctest */,
			);
			name = Products;
			sourceTree = "<group>";
		};
		4C8F75E121B72C9600994420 /* SampleApp */ = {
			isa = PBXGroup;
			children = (
				4C8F75E221B72C9700994420 /* AppDelegate.swift */,
				4C8F75E421B72C9700994420 /* ViewController.swift */,
				4CCF5E7421B83F2200A4AD97 /* UsefulExtensions.swift */,
				4C59E43321B751DB0051D740 /* ManagerSpecialStructs.swift */,
				4C8F761321B72D3800994420 /* ManagerSpecialsModel.swift */,
				4CCF5E7221B835E200A4AD97 /* ErrorHandling.swift */,
				4C8F75E621B72C9700994420 /* Main.storyboard */,
				4C4003C221B8ABFA00E844EE /* IndividualManagerSpecialView.swift */,
				4C8F75EC21B72C9B00994420 /* Assets.xcassets */,
				4C8F75EE21B72C9B00994420 /* LaunchScreen.storyboard */,
				4C8F75F121B72C9B00994420 /* Info.plist */,
				4C8F75E921B72C9700994420 /* SampleApp.xcdatamodeld */,
			);
			path = SampleApp;
			sourceTree = "<group>";
		};
		4C8F75F921B72C9B00994420 /* SampleAppTests */ = {
			isa = PBXGroup;
			children = (
				4C8F75FA21B72C9B00994420 /* SampleAppTests.swift */,
				4C8F75FC21B72C9B00994420 /* Info.plist */,
			);
			path = SampleAppTests;
			sourceTree = "<group>";
		};
		4C8F760421B72C9B00994420 /* SampleAppUITests */ = {
			isa = PBXGroup;
			children = (
				4C8F760521B72C9B00994420 /* SampleAppUITests.swift */,
				4C8F760721B72C9B00994420 /* Info.plist */,
			);
			path = SampleAppUITests;
			sourceTree = "<group>";
		};
/* End PBXGroup section */

/* Begin PBXNativeTarget section */
		4C8F75DE21B72C9600994420 /* SampleApp */ = {
			isa = PBXNativeTarget;
			buildConfigurationList = 4C8F760A21B72C9B00994420 /* Build configuration list for PBXNativeTarget "SampleApp" */;
			buildPhases = (
				4C8F75DB21B72C9600994420 /* Sources */,
				4C8F75DC21B72C9600994420 /* Frameworks */,
				4C8F75DD21B72C9600994420 /* Resources */,
			);
			buildRules = (
			);
			dependencies = (
			);
			name = SampleApp;
			productName = SampleApp;
			productReference = 4C8F75DF21B72C9600994420 /* SampleApp.app */;
			productType = "com.apple.product-type.application";
		};
		4C8F75F521B72C9B00994420 /* SampleAppTests */ = {
			isa = PBXNativeTarget;
			buildConfigurationList = 4C8F760D21B72C9B00994420 /* Build configuration list for PBXNativeTarget "SampleAppTests" */;
			buildPhases = (
				4C8F75F221B72C9B00994420 /* Sources */,
				4C8F75F321B72C9B00994420 /* Frameworks */,
				4C8F75F421B72C9B00994420 /* Resources */,
			);
			buildRules = (
			);
			dependencies = (
				4C8F75F821B72C9B00994420 /* PBXTargetDependency */,
			);
			name = SampleAppTests;
			productName = SampleAppTests;
			productReference = 4C8F75F621B72C9B00994420 /* SampleAppTests.xctest */;
			productType = "com.apple.product-type.bundle.unit-test";
		};
		4C8F760021B72C9B00994420 /* SampleAppUITests */ = {
			isa = PBXNativeTarget;
			buildConfigurationList = 4C8F761021B72C9B00994420 /* Build configuration list for PBXNativeTarget "SampleAppUITests" */;
			buildPhases = (
				4C8F75FD21B72C9B00994420 /* Sources */,
				4C8F75FE21B72C9B00994420 /* Frameworks */,
				4C8F75FF21B72C9B00994420 /* Resources */,
			);
			buildRules = (
			);
			dependencies = (
				4C8F760321B72C9B00994420 /* PBXTargetDependency */,
			);
			name = SampleAppUITests;
			productName = SampleAppUITests;
			productReference = 4C8F760121B72C9B00994420 /* SampleAppUITests.xctest */;
			productType = "com.apple.product-type.bundle.ui-testing";
		};
/* End PBXNativeTarget section */

/* Begin PBXProject section */
		4C8F75D721B72C9600994420 /* Project object */ = {
			isa = PBXProject;
			attributes = {
				LastSwiftUpdateCheck = 1010;
				LastUpgradeCheck = 1010;
				ORGANIZATIONNAME = nirmala;
				TargetAttributes = {
					4C8F75DE21B72C9600994420 = {
						CreatedOnToolsVersion = 10.1;
					};
					4C8F75F521B72C9B00994420 = {
						CreatedOnToolsVersion = 10.1;
						TestTargetID = 4C8F75DE21B72C9600994420;
					};
					4C8F760021B72C9B00994420 = {
						CreatedOnToolsVersion = 10.1;
						TestTargetID = 4C8F75DE21B72C9600994420;
					};
				};
			};
			buildConfigurationList = 4C8F75DA21B72C9600994420 /* Build configuration list for PBXProject "SampleApp" */;
			compatibilityVersion = "Xcode 9.3";
			developmentRegion = en;
			hasScannedForEncodings = 0;
			knownRegions = (
				en,
				Base,
			);
			mainGroup = 4C8F75D621B72C9600994420;
			productRefGroup = 4C8F75E021B72C9600994420 /* Products */;
			projectDirPath = "";
			projectRoot = "";
			targets = (
				4C8F75DE21B72C9600994420 /* SampleApp */,
				4C8F75F521B72C9B00994420 /* SampleAppTests */,
				4C8F760021B72C9B00994420 /* SampleAppUITests */,
			);
		};
/* End PBXProject section */

/* Begin PBXResourcesBuildPhase section */
		4C8F75DD21B72C9600994420 /* Resources */ = {
			isa = PBXResourcesBuildPhase;
			buildActionMask = 2147483647;
			files = (
				4C8F75F021B72C9B00994420 /* LaunchScreen.storyboard in Resources */,
				4C8F75ED21B72C9B00994420 /* Assets.xcassets in Resources */,
				4C8F75E821B72C9700994420 /* Main.storyboard in Resources */,
			);
			runOnlyForDeploymentPostprocessing = 0;
		};
		4C8F75F421B72C9B00994420 /* Resources */ = {
			isa = PBXResourcesBuildPhase;
			buildActionMask = 2147483647;
			files = (
			);
			runOnlyForDeploymentPostprocessing = 0;
		};
		4C8F75FF21B72C9B00994420 /* Resources */ = {
			isa = PBXResourcesBuildPhase;
			buildActionMask = 2147483647;
			files = (
			);
			runOnlyForDeploymentPostprocessing = 0;
		};
/* End PBXResourcesBuildPhase section */

/* Begin PBXSourcesBuildPhase section */
		4C8F75DB21B72C9600994420 /* Sources */ = {
			isa = PBXSourcesBuildPhase;
			buildActionMask = 2147483647;
			files = (
				4C8F75EB21B72C9700994420 /* SampleApp.xcdatamodeld in Sources */,
				4C4003C321B8ABFA00E844EE /* IndividualManagerSpecialView.swift in Sources */,
				4C59E43421B751DB0051D740 /* ManagerSpecialStructs.swift in Sources */,
				4C8F75E521B72C9700994420 /* ViewController.swift in Sources */,
				4CCF5E7321B835E200A4AD97 /* ErrorHandling.swift in Sources */,
				4C8F75E321B72C9700994420 /* AppDelegate.swift in Sources */,
				4CCF5E7521B83F2200A4AD97 /* UsefulExtensions.swift in Sources */,
				4C8F761421B72D3800994420 /* ManagerSpecialsModel.swift in Sources */,
			);
			runOnlyForDeploymentPostprocessing = 0;
		};
		4C8F75F221B72C9B00994420 /* Sources */ = {
			isa = PBXSourcesBuildPhase;
			buildActionMask = 2147483647;
			files = (
				4C8F75FB21B72C9B00994420 /* SampleAppTests.swift in Sources */,
			);
			runOnlyForDeploymentPostprocessing = 0;
		};
		4C8F75FD21B72C9B00994420 /* Sources */ = {
			isa = PBXSourcesBuildPhase;
			buildActionMask = 2147483647;
			files = (
				4C8F760621B72C9B00994420 /* SampleAppUITests.swift in Sources */,
			);
			runOnlyForDeploymentPostprocessing = 0;
		};
/* End PBXSourcesBuildPhase section */

/* Begin PBXTargetDependency section */
		4C8F75F821B72C9B00994420 /* PBXTargetDependency */ = {
			isa = PBXTargetDependency;
			target = 4C8F75DE21B72C9600994420 /* SampleApp */;
			targetProxy = 4C8F75F721B72C9B00994420 /* PBXContainerItemProxy */;
		};
		4C8F760321B72C9B00994420 /* PBXTargetDependency */ = {
			isa = PBXTargetDependency;
			target = 4C8F75DE21B72C9600994420 /* SampleApp */;
			targetProxy = 4C8F760221B72C9B00994420 /* PBXContainerItemProxy */;
		};
/* End PBXTargetDependency section */

/* Begin PBXVariantGroup section */
		4C8F75E621B72C9700994420 /* Main.storyboard */ = {
			isa = PBXVariantGroup;
			children = (
				4C8F75E721B72C9700994420 /* Base */,
			);
			name = Main.storyboard;
			sourceTree = "<group>";
		};
		4C8F75EE21B72C9B00994420 /* LaunchScreen.storyboard */ = {
			isa = PBXVariantGroup;
			children = (
				4C8F75EF21B72C9B00994420 /* Base */,
			);
			name = LaunchScreen.storyboard;
			sourceTree = "<group>";
		};
/* End PBXVariantGroup section */

/* Begin XCBuildConfiguration section */
		4C8F760821B72C9B00994420 /* Debug */ = {
			isa = XCBuildConfiguration;
			buildSettings = {
				ALWAYS_SEARCH_USER_PATHS = NO;
				CLANG_ANALYZER_NONNULL = YES;
				CLANG_ANALYZER_NUMBER_OBJECT_CONVERSION = YES_AGGRESSIVE;
				CLANG_CXX_LANGUAGE_STANDARD = "gnu++14";
				CLANG_CXX_LIBRARY = "libc++";
				CLANG_ENABLE_MODULES = YES;
				CLANG_ENABLE_OBJC_ARC = YES;
				CLANG_ENABLE_OBJC_WEAK = YES;
				CLANG_WARN_BLOCK_CAPTURE_AUTORELEASING = YES;
				CLANG_WARN_BOOL_CONVERSION = YES;
				CLANG_WARN_COMMA = YES;
				CLANG_WARN_CONSTANT_CONVERSION = YES;
				CLANG_WARN_DEPRECATED_OBJC_IMPLEMENTATIONS = YES;
				CLANG_WARN_DIRECT_OBJC_ISA_USAGE = YES_ERROR;
				CLANG_WARN_DOCUMENTATION_COMMENTS = YES;
				CLANG_WARN_EMPTY_BODY = YES;
				CLANG_WARN_ENUM_CONVERSION = YES;
				CLANG_WARN_INFINITE_RECURSION = YES;
				CLANG_WARN_INT_CONVERSION = YES;
				CLANG_WARN_NON_LITERAL_NULL_CONVERSION = YES;
				CLANG_WARN_OBJC_IMPLICIT_RETAIN_SELF = YES;
				CLANG_WARN_OBJC_LITERAL_CONVERSION = YES;
				CLANG_WARN_OBJC_ROOT_CLASS = YES_ERROR;
				CLANG_WARN_RANGE_LOOP_ANALYSIS = YES;
				CLANG_WARN_STRICT_PROTOTYPES = YES;
				CLANG_WARN_SUSPICIOUS_MOVE = YES;
				CLANG_WARN_UNGUARDED_AVAILABILITY = YES_AGGRESSIVE;
				CLANG_WARN_UNREACHABLE_CODE = YES;
				CLANG_WARN__DUPLICATE_METHOD_MATCH = YES;
				CODE_SIGN_IDENTITY = "iPhone Developer";
				COPY_PHASE_STRIP = NO;
				DEBUG_INFORMATION_FORMAT = dwarf;
				ENABLE_STRICT_OBJC_MSGSEND = YES;
				ENABLE_TESTABILITY = YES;
				GCC_C_LANGUAGE_STANDARD = gnu11;
				GCC_DYNAMIC_NO_PIC = NO;
				GCC_NO_COMMON_BLOCKS = YES;
				GCC_OPTIMIZATION_LEVEL = 0;
				GCC_PREPROCESSOR_DEFINITIONS = (
					"DEBUG=1",
					"$(inherited)",
				);
				GCC_WARN_64_TO_32_BIT_CONVERSION = YES;
				GCC_WARN_ABOUT_RETURN_TYPE = YES_ERROR;
				GCC_WARN_UNDECLARED_SELECTOR = YES;
				GCC_WARN_UNINITIALIZED_AUTOS = YES_AGGRESSIVE;
				GCC_WARN_UNUSED_FUNCTION = YES;
				GCC_WARN_UNUSED_VARIABLE = YES;
				IPHONEOS_DEPLOYMENT_TARGET = 12.1;
				MTL_ENABLE_DEBUG_INFO = INCLUDE_SOURCE;
				MTL_FAST_MATH = YES;
				ONLY_ACTIVE_ARCH = YES;
				SDKROOT = iphoneos;
				SWIFT_ACTIVE_COMPILATION_CONDITIONS = DEBUG;
				SWIFT_OPTIMIZATION_LEVEL = "-Onone";
			};
			name = Debug;
		};
		4C8F760921B72C9B00994420 /* Release */ = {
			isa = XCBuildConfiguration;
			buildSettings = {
				ALWAYS_SEARCH_USER_PATHS = NO;
				CLANG_ANALYZER_NONNULL = YES;
				CLANG_ANALYZER_NUMBER_OBJECT_CONVERSION = YES_AGGRESSIVE;
				CLANG_CXX_LANGUAGE_STANDARD = "gnu++14";
				CLANG_CXX_LIBRARY = "libc++";
				CLANG_ENABLE_MODULES = YES;
				CLANG_ENABLE_OBJC_ARC = YES;
				CLANG_ENABLE_OBJC_WEAK = YES;
				CLANG_WARN_BLOCK_CAPTURE_AUTORELEASING = YES;
				CLANG_WARN_BOOL_CONVERSION = YES;
				CLANG_WARN_COMMA = YES;
				CLANG_WARN_CONSTANT_CONVERSION = YES;
				CLANG_WARN_DEPRECATED_OBJC_IMPLEMENTATIONS = YES;
				CLANG_WARN_DIRECT_OBJC_ISA_USAGE = YES_ERROR;
				CLANG_WARN_DOCUMENTATION_COMMENTS = YES;
				CLANG_WARN_EMPTY_BODY = YES;
				CLANG_WARN_ENUM_CONVERSION = YES;
				CLANG_WARN_INFINITE_RECURSION = YES;
				CLANG_WARN_INT_CONVERSION = YES;
				CLANG_WARN_NON_LITERAL_NULL_CONVERSION = YES;
				CLANG_WARN_OBJC_IMPLICIT_RETAIN_SELF = YES;
				CLANG_WARN_OBJC_LITERAL_CONVERSION = YES;
				CLANG_WARN_OBJC_ROOT_CLASS = YES_ERROR;
				CLANG_WARN_RANGE_LOOP_ANALYSIS = YES;
				CLANG_WARN_STRICT_PROTOTYPES = YES;
				CLANG_WARN_SUSPICIOUS_MOVE = YES;
				CLANG_WARN_UNGUARDED_AVAILABILITY = YES_AGGRESSIVE;
				CLANG_WARN_UNREACHABLE_CODE = YES;
				CLANG_WARN__DUPLICATE_METHOD_MATCH = YES;
				CODE_SIGN_IDENTITY = "iPhone Developer";
				COPY_PHASE_STRIP = NO;
				DEBUG_INFORMATION_FORMAT = "dwarf-with-dsym";
				ENABLE_NS_ASSERTIONS = NO;
				ENABLE_STRICT_OBJC_MSGSEND = YES;
				GCC_C_LANGUAGE_STANDARD = gnu11;
				GCC_NO_COMMON_BLOCKS = YES;
				GCC_WARN_64_TO_32_BIT_CONVERSION = YES;
				GCC_WARN_ABOUT_RETURN_TYPE = YES_ERROR;
				GCC_WARN_UNDECLARED_SELECTOR = YES;
				GCC_WARN_UNINITIALIZED_AUTOS = YES_AGGRESSIVE;
				GCC_WARN_UNUSED_FUNCTION = YES;
				GCC_WARN_UNUSED_VARIABLE = YES;
				IPHONEOS_DEPLOYMENT_TARGET = 12.1;
				MTL_ENABLE_DEBUG_INFO = NO;
				MTL_FAST_MATH = YES;
				SDKROOT = iphoneos;
				SWIFT_COMPILATION_MODE = wholemodule;
				SWIFT_OPTIMIZATION_LEVEL = "-O";
				VALIDATE_PRODUCT = YES;
			};
			name = Release;
		};
		4C8F760B21B72C9B00994420 /* Debug */ = {
			isa = XCBuildConfiguration;
			buildSettings = {
				ASSETCATALOG_COMPILER_APPICON_NAME = AppIcon;
				CODE_SIGN_STYLE = Automatic;
				"DEBUG_INFORMATION_FORMAT[sdk=*]" = dwarf;
				DEVELOPMENT_TEAM = 3WT55PT69P;
				GCC_OPTIMIZATION_LEVEL = fast;
				INFOPLIST_FILE = SampleApp/Info.plist;
				LD_RUNPATH_SEARCH_PATHS = (
					"$(inherited)",
					"@executable_path/Frameworks",
				);
				"OTHER_SWIFT_FLAGS[arch=*]" = "-Xfrontend -warn-long-expression-type-checking=200 -Xfrontend -warn-long-function-bodies=200 -Onone";
				PRODUCT_BUNDLE_IDENTIFIER = com.nirmala.SampleApp;
				PRODUCT_NAME = "$(TARGET_NAME)";
				SWIFT_VERSION = 4.2;
				TARGETED_DEVICE_FAMILY = "1,2";
			};
			name = Debug;
		};
		4C8F760C21B72C9B00994420 /* Release */ = {
			isa = XCBuildConfiguration;
			buildSettings = {
				ASSETCATALOG_COMPILER_APPICON_NAME = AppIcon;
				CODE_SIGN_STYLE = Automatic;
				DEVELOPMENT_TEAM = 3WT55PT69P;
				INFOPLIST_FILE = SampleApp/Info.plist;
				LD_RUNPATH_SEARCH_PATHS = (
					"$(inherited)",
					"@executable_path/Frameworks",
				);
				PRODUCT_BUNDLE_IDENTIFIER = com.nirmala.SampleApp;
				PRODUCT_NAME = "$(TARGET_NAME)";
				SWIFT_VERSION = 4.2;
				TARGETED_DEVICE_FAMILY = "1,2";
			};
			name = Release;
		};
		4C8F760E21B72C9B00994420 /* Debug */ = {
			isa = XCBuildConfiguration;
			buildSettings = {
				ALWAYS_EMBED_SWIFT_STANDARD_LIBRARIES = YES;
				BUNDLE_LOADER = "$(TEST_HOST)";
				CODE_SIGN_STYLE = Automatic;
				DEVELOPMENT_TEAM = 3WT55PT69P;
				INFOPLIST_FILE = SampleAppTests/Info.plist;
				LD_RUNPATH_SEARCH_PATHS = (
					"$(inherited)",
					"@executable_path/Frameworks",
					"@loader_path/Frameworks",
				);
				PRODUCT_BUNDLE_IDENTIFIER = com.nirmala.SampleAppTests;
				PRODUCT_NAME = "$(TARGET_NAME)";
				SWIFT_VERSION = 4.2;
				TARGETED_DEVICE_FAMILY = "1,2";
				TEST_HOST = "$(BUILT_PRODUCTS_DIR)/SampleApp.app/SampleApp";
			};
			name = Debug;
		};
		4C8F760F21B72C9B00994420 /* Release */ = {
			isa = XCBuildConfiguration;
			buildSettings = {
				ALWAYS_EMBED_SWIFT_STANDARD_LIBRARIES = YES;
				BUNDLE_LOADER = "$(TEST_HOST)";
				CODE_SIGN_STYLE = Automatic;
				DEVELOPMENT_TEAM = 3WT55PT69P;
				INFOPLIST_FILE = SampleAppTests/Info.plist;
				LD_RUNPATH_SEARCH_PATHS = (
					"$(inherited)",
					"@executable_path/Frameworks",
					"@loader_path/Frameworks",
				);
				PRODUCT_BUNDLE_IDENTIFIER = com.nirmala.SampleAppTests;
				PRODUCT_NAME = "$(TARGET_NAME)";
				SWIFT_VERSION = 4.2;
				TARGETED_DEVICE_FAMILY = "1,2";
				TEST_HOST = "$(BUILT_PRODUCTS_DIR)/SampleApp.app/SampleApp";
			};
			name = Release;
		};
		4C8F761121B72C9B00994420 /* Debug */ = {
			isa = XCBuildConfiguration;
			buildSettings = {
				ALWAYS_EMBED_SWIFT_STANDARD_LIBRARIES = YES;
				CODE_SIGN_STYLE = Automatic;
				DEVELOPMENT_TEAM = 3WT55PT69P;
				INFOPLIST_FILE = SampleAppUITests/Info.plist;
				LD_RUNPATH_SEARCH_PATHS = (
					"$(inherited)",
					"@executable_path/Frameworks",
					"@loader_path/Frameworks",
				);
				PRODUCT_BUNDLE_IDENTIFIER = com.nirmala.SampleAppUITests;
				PRODUCT_NAME = "$(TARGET_NAME)";
				SWIFT_VERSION = 4.2;
				TARGETED_DEVICE_FAMILY = "1,2";
				TEST_TARGET_NAME = SampleApp;
			};
			name = Debug;
		};
		4C8F761221B72C9B00994420 /* Release */ = {
			isa = XCBuildConfiguration;
			buildSettings = {
				ALWAYS_EMBED_SWIFT_STANDARD_LIBRARIES = YES;
				CODE_SIGN_STYLE = Automatic;
				DEVELOPMENT_TEAM = 3WT55PT69P;
				INFOPLIST_FILE = SampleAppUITests/Info.plist;
				LD_RUNPATH_SEARCH_PATHS = (
					"$(inherited)",
					"@executable_path/Frameworks",
					"@loader_path/Frameworks",
				);
				PRODUCT_BUNDLE_IDENTIFIER = com.nirmala.SampleAppUITests;
				PRODUCT_NAME = "$(TARGET_NAME)";
				SWIFT_VERSION = 4.2;
				TARGETED_DEVICE_FAMILY = "1,2";
				TEST_TARGET_NAME = SampleApp;
			};
			name = Release;
		};
/* End XCBuildConfiguration section */

/* Begin XCConfigurationList section */
		4C8F75DA21B72C9600994420 /* Build configuration list for PBXProject "SampleApp" */ = {
			isa = XCConfigurationList;
			buildConfigurations = (
				4C8F760821B72C9B00994420 /* Debug */,
				4C8F760921B72C9B00994420 /* Release */,
			);
			defaultConfigurationIsVisible = 0;
			defaultConfigurationName = Release;
		};
		4C8F760A21B72C9B00994420 /* Build configuration list for PBXNativeTarget "SampleApp" */ = {
			isa = XCConfigurationList;
			buildConfigurations = (
				4C8F760B21B72C9B00994420 /* Debug */,
				4C8F760C21B72C9B00994420 /* Release */,
			);
			defaultConfigurationIsVisible = 0;
			defaultConfigurationName = Release;
		};
		4C8F760D21B72C9B00994420 /* Build configuration list for PBXNativeTarget "SampleAppTests" */ = {
			isa = XCConfigurationList;
			buildConfigurations = (
				4C8F760E21B72C9B00994420 /* Debug */,
				4C8F760F21B72C9B00994420 /* Release */,
			);
			defaultConfigurationIsVisible = 0;
			defaultConfigurationName = Release;
		};
		4C8F761021B72C9B00994420 /* Build configuration list for PBXNativeTarget "SampleAppUITests" */ = {
			isa = XCConfigurationList;
			buildConfigurations = (
				4C8F761121B72C9B00994420 /* Debug */,
				4C8F761221B72C9B00994420 /* Release */,
			);
			defaultConfigurationIsVisible = 0;
			defaultConfigurationName = Release;
		};
/* End XCConfigurationList section */

/* Begin XCVersionGroup section */
		4C8F75E921B72C9700994420 /* SampleApp.xcdatamodeld */ = {
			isa = XCVersionGroup;
			children = (
				4C8F75EA21B72C9700994420 /* SampleApp.xcdatamodel */,
			);
			currentVersion = 4C8F75EA21B72C9700994420 /* SampleApp.xcdatamodel */;
			path = SampleApp.xcdatamodeld;
			sourceTree = "<group>";
			versionGroupType = wrapper.xcdatamodel;
		};
/* End XCVersionGroup section */
	};
	rootObject = 4C8F75D721B72C9600994420 /* Project object */;
}
